// !$*UTF8*$!
{
	archiveVersion = 1;
	classes = {
	};
	objectVersion = 50;
	objects = {

/* Begin PBXBuildFile section */
		DC25CDB124D0791300B395F2 /* AppDelegate.swift in Sources */ = {isa = PBXBuildFile; fileRef = DC25CDB024D0791300B395F2 /* AppDelegate.swift */; };
		DC25CDB324D0791300B395F2 /* SceneDelegate.swift in Sources */ = {isa = PBXBuildFile; fileRef = DC25CDB224D0791300B395F2 /* SceneDelegate.swift */; };
		DC25CDB524D0791300B395F2 /* ViewController.swift in Sources */ = {isa = PBXBuildFile; fileRef = DC25CDB424D0791300B395F2 /* ViewController.swift */; };
		DC25CDB824D0791300B395F2 /* Main.storyboard in Resources */ = {isa = PBXBuildFile; fileRef = DC25CDB624D0791300B395F2 /* Main.storyboard */; };
		DC25CDBB24D0791300B395F2 /* toDoList2020.xcdatamodeld in Sources */ = {isa = PBXBuildFile; fileRef = DC25CDB924D0791300B395F2 /* toDoList2020.xcdatamodeld */; };
		DC25CDBD24D0791500B395F2 /* Assets.xcassets in Resources */ = {isa = PBXBuildFile; fileRef = DC25CDBC24D0791500B395F2 /* Assets.xcassets */; };
		DC25CDC024D0791500B395F2 /* LaunchScreen.storyboard in Resources */ = {isa = PBXBuildFile; fileRef = DC25CDBE24D0791500B395F2 /* LaunchScreen.storyboard */; };
/* End PBXBuildFile section */

/* Begin PBXFileReference section */
		DC25CDAD24D0791300B395F2 /* toDoList2020.app */ = {isa = PBXFileReference; explicitFileType = wrapper.application; includeInIndex = 0; path = toDoList2020.app; sourceTree = BUILT_PRODUCTS_DIR; };
		DC25CDB024D0791300B395F2 /* AppDelegate.swift */ = {isa = PBXFileReference; lastKnownFileType = sourcecode.swift; path = AppDelegate.swift; sourceTree = "<group>"; };
		DC25CDB224D0791300B395F2 /* SceneDelegate.swift */ = {isa = PBXFileReference; lastKnownFileType = sourcecode.swift; path = SceneDelegate.swift; sourceTree = "<group>"; };
		DC25CDB424D0791300B395F2 /* ViewController.swift */ = {isa = PBXFileReference; lastKnownFileType = sourcecode.swift; path = ViewController.swift; sourceTree = "<group>"; };
		DC25CDB724D0791300B395F2 /* Base */ = {isa = PBXFileReference; lastKnownFileType = file.storyboard; name = Base; path = Base.lproj/Main.storyboard; sourceTree = "<group>"; };
		DC25CDBA24D0791300B395F2 /* toDoList2020.xcdatamodel */ = {isa = PBXFileReference; lastKnownFileType = wrapper.xcdatamodel; path = toDoList2020.xcdatamodel; sourceTree = "<group>"; };
		DC25CDBC24D0791500B395F2 /* Assets.xcassets */ = {isa = PBXFileReference; lastKnownFileType = folder.assetcatalog; path = Assets.xcassets; sourceTree = "<group>"; };
		DC25CDBF24D0791500B395F2 /* Base */ = {isa = PBXFileReference; lastKnownFileType = file.storyboard; name = Base; path = Base.lproj/LaunchScreen.storyboard; sourceTree = "<group>"; };
		DC25CDC124D0791500B395F2 /* Info.plist */ = {isa = PBXFileReference; lastKnownFileType = text.plist.xml; path = Info.plist; sourceTree = "<group>"; };
/* End PBXFileReference section */

/* Begin PBXFrameworksBuildPhase section */
		DC25CDAA24D0791300B395F2 /* Frameworks */ = {
			isa = PBXFrameworksBuildPhase;
			buildActionMask = 2147483647;
			files = (
			);
			runOnlyForDeploymentPostprocessing = 0;
		};
/* End PBXFrameworksBuildPhase section */

/* Begin PBXGroup section */
		DC25CDA424D0791300B395F2 = {
			isa = PBXGroup;
			children = (
				DC25CDAF24D0791300B395F2 /* toDoList2020 */,
				DC25CDAE24D0791300B395F2 /* Products */,
			);
			sourceTree = "<group>";
		};
		DC25CDAE24D0791300B395F2 /* Products */ = {
			isa = PBXGroup;
			children = (
				DC25CDAD24D0791300B395F2 /* toDoList2020.app */,
			);
			name = Products;
			sourceTree = "<group>";
		};
		DC25CDAF24D0791300B395F2 /* toDoList2020 */ = {
			isa = PBXGroup;
			children = (
				DC25CDB024D0791300B395F2 /* AppDelegate.swift */,
				DC25CDB224D0791300B395F2 /* SceneDelegate.swift */,
				DC25CDB424D0791300B395F2 /* ViewController.swift */,
				DC25CDB624D0791300B395F2 /* Main.storyboard */,
				DC25CDBC24D0791500B395F2 /* Assets.xcassets */,
				DC25CDBE24D0791500B395F2 /* LaunchScreen.storyboard */,
				DC25CDC124D0791500B395F2 /* Info.plist */,
				DC25CDB924D0791300B395F2 /* toDoList2020.xcdatamodeld */,
			);
			path = toDoList2020;
			sourceTree = "<group>";
		};
/* End PBXGroup section */

/* Begin PBXNativeTarget section */
		DC25CDAC24D0791300B395F2 /* toDoList2020 */ = {
			isa = PBXNativeTarget;
			buildConfigurationList = DC25CDC424D0791500B395F2 /* Build configuration list for PBXNativeTarget "toDoList2020" */;
			buildPhases = (
				DC25CDA924D0791300B395F2 /* Sources */,
				DC25CDAA24D0791300B395F2 /* Frameworks */,
				DC25CDAB24D0791300B395F2 /* Resources */,
			);
			buildRules = (
			);
			dependencies = (
			);
			name = toDoList2020;
			productName = toDoList2020;
			productReference = DC25CDAD24D0791300B395F2 /* toDoList2020.app */;
			productType = "com.apple.product-type.application";
		};
/* End PBXNativeTarget section */

/* Begin PBXProject section */
		DC25CDA524D0791300B395F2 /* Project object */ = {
			isa = PBXProject;
			attributes = {
				LastSwiftUpdateCheck = 1160;
				LastUpgradeCheck = 1160;
				ORGANIZATIONNAME = "Bushra Raza";
				TargetAttributes = {
					DC25CDAC24D0791300B395F2 = {
						CreatedOnToolsVersion = 11.6;
					};
				};
			};
			buildConfigurationList = DC25CDA824D0791300B395F2 /* Build configuration list for PBXProject "toDoList2020" */;
			compatibilityVersion = "Xcode 9.3";
			developmentRegion = en;
			hasScannedForEncodings = 0;
			knownRegions = (
				en,
				Base,
			);
			mainGroup = DC25CDA424D0791300B395F2;
			productRefGroup = DC25CDAE24D0791300B395F2 /* Products */;
			projectDirPath = "";
			projectRoot = "";
			targets = (
				DC25CDAC24D0791300B395F2 /* toDoList2020 */,
			);
		};
/* End PBXProject section */

/* Begin PBXResourcesBuildPhase section */
		DC25CDAB24D0791300B395F2 /* Resources */ = {
			isa = PBXResourcesBuildPhase;
			buildActionMask = 2147483647;
			files = (
				DC25CDC024D0791500B395F2 /* LaunchScreen.storyboard in Resources */,
				DC25CDBD24D0791500B395F2 /* Assets.xcassets in Resources */,
				DC25CDB824D0791300B395F2 /* Main.storyboard in Resources */,
			);
			runOnlyForDeploymentPostprocessing = 0;
		};
/* End PBXResourcesBuildPhase section */

/* Begin PBXSourcesBuildPhase section */
		DC25CDA924D0791300B395F2 /* Sources */ = {
			isa = PBXSourcesBuildPhase;
			buildActionMask = 2147483647;
			files = (
				DC25CDB524D0791300B395F2 /* ViewController.swift in Sources */,
				DC25CDB124D0791300B395F2 /* AppDelegate.swift in Sources */,
				DC25CDB324D0791300B395F2 /* SceneDelegate.swift in Sources */,
				DC25CDBB24D0791300B395F2 /* toDoList2020.xcdatamodeld in Sources */,
			);
			runOnlyForDeploymentPostprocessing = 0;
		};
/* End PBXSourcesBuildPhase section */

/* Begin PBXVariantGroup section */
		DC25CDB624D0791300B395F2 /* Main.storyboard */ = {
			isa = PBXVariantGroup;
			children = (
				DC25CDB724D0791300B395F2 /* Base */,
			);
			name = Main.storyboard;
			sourceTree = "<group>";
		};
		DC25CDBE24D0791500B395F2 /* LaunchScreen.storyboard */ = {
			isa = PBXVariantGroup;
			children = (
				DC25CDBF24D0791500B395F2 /* Base */,
			);
			name = LaunchScreen.storyboard;
			sourceTree = "<group>";
		};
/* End PBXVariantGroup section */

/* Begin XCBuildConfiguration section */
		DC25CDC224D0791500B395F2 /* Debug */ = {
			isa = XCBuildConfiguration;
			buildSettings = {
				ALWAYS_SEARCH_USER_PATHS = NO;
				CLANG_ANALYZER_NONNULL = YES;
				CLANG_ANALYZER_NUMBER_OBJECT_CONVERSION = YES_AGGRESSIVE;
				CLANG_CXX_LANGUAGE_STANDARD = "gnu++14";
				CLANG_CXX_LIBRARY = "libc++";
				CLANG_ENABLE_MODULES = YES;
				CLANG_ENABLE_OBJC_ARC = YES;
				CLANG_ENABLE_OBJC_WEAK = YES;
				CLANG_WARN_BLOCK_CAPTURE_AUTORELEASING = YES;
				CLANG_WARN_BOOL_CONVERSION = YES;
				CLANG_WARN_COMMA = YES;
				CLANG_WARN_CONSTANT_CONVERSION = YES;
				CLANG_WARN_DEPRECATED_OBJC_IMPLEMENTATIONS = YES;
				CLANG_WARN_DIRECT_OBJC_ISA_USAGE = YES_ERROR;
				CLANG_WARN_DOCUMENTATION_COMMENTS = YES;
				CLANG_WARN_EMPTY_BODY = YES;
				CLANG_WARN_ENUM_CONVERSION = YES;
				CLANG_WARN_INFINITE_RECURSION = YES;
				CLANG_WARN_INT_CONVERSION = YES;
				CLANG_WARN_NON_LITERAL_NULL_CONVERSION = YES;
				CLANG_WARN_OBJC_IMPLICIT_RETAIN_SELF = YES;
				CLANG_WARN_OBJC_LITERAL_CONVERSION = YES;
				CLANG_WARN_OBJC_ROOT_CLASS = YES_ERROR;
				CLANG_WARN_RANGE_LOOP_ANALYSIS = YES;
				CLANG_WARN_STRICT_PROTOTYPES = YES;
				CLANG_WARN_SUSPICIOUS_MOVE = YES;
				CLANG_WARN_UNGUARDED_AVAILABILITY = YES_AGGRESSIVE;
				CLANG_WARN_UNREACHABLE_CODE = YES;
				CLANG_WARN__DUPLICATE_METHOD_MATCH = YES;
				COPY_PHASE_STRIP = NO;
				DEBUG_INFORMATION_FORMAT = dwarf;
				ENABLE_STRICT_OBJC_MSGSEND = YES;
				ENABLE_TESTABILITY = YES;
				GCC_C_LANGUAGE_STANDARD = gnu11;
				GCC_DYNAMIC_NO_PIC = NO;
				GCC_NO_COMMON_BLOCKS = YES;
				GCC_OPTIMIZATION_LEVEL = 0;
				GCC_PREPROCESSOR_DEFINITIONS = (
					"DEBUG=1",
					"$(inherited)",
				);
				GCC_WARN_64_TO_32_BIT_CONVERSION = YES;
				GCC_WARN_ABOUT_RETURN_TYPE = YES_ERROR;
				GCC_WARN_UNDECLARED_SELECTOR = YES;
				GCC_WARN_UNINITIALIZED_AUTOS = YES_AGGRESSIVE;
				GCC_WARN_UNUSED_FUNCTION = YES;
				GCC_WARN_UNUSED_VARIABLE = YES;
				IPHONEOS_DEPLOYMENT_TARGET = 13.6;
				MTL_ENABLE_DEBUG_INFO = INCLUDE_SOURCE;
				MTL_FAST_MATH = YES;
				ONLY_ACTIVE_ARCH = YES;
				SDKROOT = iphoneos;
				SWIFT_ACTIVE_COMPILATION_CONDITIONS = DEBUG;
				SWIFT_OPTIMIZATION_LEVEL = "-Onone";
			};
			name = Debug;
		};
		DC25CDC324D0791500B395F2 /* Release */ = {
			isa = XCBuildConfiguration;
			buildSettings = {
				ALWAYS_SEARCH_USER_PATHS = NO;
				CLANG_ANALYZER_NONNULL = YES;
				CLANG_ANALYZER_NUMBER_OBJECT_CONVERSION = YES_AGGRESSIVE;
				CLANG_CXX_LANGUAGE_STANDARD = "gnu++14";
				CLANG_CXX_LIBRARY = "libc++";
				CLANG_ENABLE_MODULES = YES;
				CLANG_ENABLE_OBJC_ARC = YES;
				CLANG_ENABLE_OBJC_WEAK = YES;
				CLANG_WARN_BLOCK_CAPTURE_AUTORELEASING = YES;
				CLANG_WARN_BOOL_CONVERSION = YES;
				CLANG_WARN_COMMA = YES;
				CLANG_WARN_CONSTANT_CONVERSION = YES;
				CLANG_WARN_DEPRECATED_OBJC_IMPLEMENTATIONS = YES;
				CLANG_WARN_DIRECT_OBJC_ISA_USAGE = YES_ERROR;
				CLANG_WARN_DOCUMENTATION_COMMENTS = YES;
				CLANG_WARN_EMPTY_BODY = YES;
				CLANG_WARN_ENUM_CONVERSION = YES;
				CLANG_WARN_INFINITE_RECURSION = YES;
				CLANG_WARN_INT_CONVERSION = YES;
				CLANG_WARN_NON_LITERAL_NULL_CONVERSION = YES;
				CLANG_WARN_OBJC_IMPLICIT_RETAIN_SELF = YES;
				CLANG_WARN_OBJC_LITERAL_CONVERSION = YES;
				CLANG_WARN_OBJC_ROOT_CLASS = YES_ERROR;
				CLANG_WARN_RANGE_LOOP_ANALYSIS = YES;
				CLANG_WARN_STRICT_PROTOTYPES = YES;
				CLANG_WARN_SUSPICIOUS_MOVE = YES;
				CLANG_WARN_UNGUARDED_AVAILABILITY = YES_AGGRESSIVE;
				CLANG_WARN_UNREACHABLE_CODE = YES;
				CLANG_WARN__DUPLICATE_METHOD_MATCH = YES;
				COPY_PHASE_STRIP = NO;
				DEBUG_INFORMATION_FORMAT = "dwarf-with-dsym";
				ENABLE_NS_ASSERTIONS = NO;
				ENABLE_STRICT_OBJC_MSGSEND = YES;
				GCC_C_LANGUAGE_STANDARD = gnu11;
				GCC_NO_COMMON_BLOCKS = YES;
				GCC_WARN_64_TO_32_BIT_CONVERSION = YES;
				GCC_WARN_ABOUT_RETURN_TYPE = YES_ERROR;
				GCC_WARN_UNDECLARED_SELECTOR = YES;
				GCC_WARN_UNINITIALIZED_AUTOS = YES_AGGRESSIVE;
				GCC_WARN_UNUSED_FUNCTION = YES;
				GCC_WARN_UNUSED_VARIABLE = YES;
				IPHONEOS_DEPLOYMENT_TARGET = 13.6;
				MTL_ENABLE_DEBUG_INFO = NO;
				MTL_FAST_MATH = YES;
				SDKROOT = iphoneos;
				SWIFT_COMPILATION_MODE = wholemodule;
				SWIFT_OPTIMIZATION_LEVEL = "-O";
				VALIDATE_PRODUCT = YES;
			};
			name = Release;
		};
		DC25CDC524D0791500B395F2 /* Debug */ = {
			isa = XCBuildConfiguration;
			buildSettings = {
				ASSETCATALOG_COMPILER_APPICON_NAME = AppIcon;
				CODE_SIGN_STYLE = Automatic;
				INFOPLIST_FILE = toDoList2020/Info.plist;
				LD_RUNPATH_SEARCH_PATHS = (
					"$(inherited)",
					"@executable_path/Frameworks",
				);
				PRODUCT_BUNDLE_IDENTIFIER = "Bushra-Raza.toDoList2020";
				PRODUCT_NAME = "$(TARGET_NAME)";
				SWIFT_VERSION = 5.0;
				TARGETED_DEVICE_FAMILY = "1,2";
			};
			name = Debug;
		};
		DC25CDC624D0791500B395F2 /* Release */ = {
			isa = XCBuildConfiguration;
			buildSettings = {
				ASSETCATALOG_COMPILER_APPICON_NAME = AppIcon;
				CODE_SIGN_STYLE = Automatic;
				INFOPLIST_FILE = toDoList2020/Info.plist;
				LD_RUNPATH_SEARCH_PATHS = (
					"$(inherited)",
					"@executable_path/Frameworks",
				);
				PRODUCT_BUNDLE_IDENTIFIER = "Bushra-Raza.toDoList2020";
				PRODUCT_NAME = "$(TARGET_NAME)";
				SWIFT_VERSION = 5.0;
				TARGETED_DEVICE_FAMILY = "1,2";
			};
			name = Release;
		};
/* End XCBuildConfiguration section */

/* Begin XCConfigurationList section */
		DC25CDA824D0791300B395F2 /* Build configuration list for PBXProject "toDoList2020" */ = {
			isa = XCConfigurationList;
			buildConfigurations = (
				DC25CDC224D0791500B395F2 /* Debug */,
				DC25CDC324D0791500B395F2 /* Release */,
			);
			defaultConfigurationIsVisible = 0;
			defaultConfigurationName = Release;
		};
		DC25CDC424D0791500B395F2 /* Build configuration list for PBXNativeTarget "toDoList2020" */ = {
			isa = XCConfigurationList;
			buildConfigurations = (
				DC25CDC524D0791500B395F2 /* Debug */,
				DC25CDC624D0791500B395F2 /* Release */,
			);
			defaultConfigurationIsVisible = 0;
			defaultConfigurationName = Release;
		};
/* End XCConfigurationList section */

/* Begin XCVersionGroup section */
		DC25CDB924D0791300B395F2 /* toDoList2020.xcdatamodeld */ = {
			isa = XCVersionGroup;
			children = (
				DC25CDBA24D0791300B395F2 /* toDoList2020.xcdatamodel */,
			);
			currentVersion = DC25CDBA24D0791300B395F2 /* toDoList2020.xcdatamodel */;
			path = toDoList2020.xcdatamodeld;
			sourceTree = "<group>";
			versionGroupType = wrapper.xcdatamodel;
		};
/* End XCVersionGroup section */
	};
	rootObject = DC25CDA524D0791300B395F2 /* Project object */;
}
